// !$*UTF8*$!
{
	archiveVersion = 1;
	classes = {
	};
	objectVersion = 56;
	objects = {

/* Begin PBXBuildFile section */
		E65CEB1429E90B3E0025C2FB /* ImageView.swift in Sources */ = {isa = PBXBuildFile; fileRef = E65CEB1329E90B3E0025C2FB /* ImageView.swift */; };
		E65CEB1629E90B6B0025C2FB /* DisciplineView.swift in Sources */ = {isa = PBXBuildFile; fileRef = E65CEB1529E90B6B0025C2FB /* DisciplineView.swift */; };
		E65CEB1929E90D4D0025C2FB /* Teacher.swift in Sources */ = {isa = PBXBuildFile; fileRef = E65CEB1829E90D4D0025C2FB /* Teacher.swift */; };
		E65CEB1B29E90EEE0025C2FB /* Discipline.swift in Sources */ = {isa = PBXBuildFile; fileRef = E65CEB1A29E90EEE0025C2FB /* Discipline.swift */; };
		E65CEB1D29E90FC20025C2FB /* Group.swift in Sources */ = {isa = PBXBuildFile; fileRef = E65CEB1C29E90FC20025C2FB /* Group.swift */; };
		E65CEB1F29E924840025C2FB /* Student.swift in Sources */ = {isa = PBXBuildFile; fileRef = E65CEB1E29E924840025C2FB /* Student.swift */; };
		E65CEB2129E925910025C2FB /* AcademicPerformance.swift in Sources */ = {isa = PBXBuildFile; fileRef = E65CEB2029E925910025C2FB /* AcademicPerformance.swift */; };
		E65CEB2329E925B30025C2FB /* Measure.swift in Sources */ = {isa = PBXBuildFile; fileRef = E65CEB2229E925B30025C2FB /* Measure.swift */; };
		E65CEB2529E926000025C2FB /* Debt.swift in Sources */ = {isa = PBXBuildFile; fileRef = E65CEB2429E926000025C2FB /* Debt.swift */; };
		E65CEB2729E926AE0025C2FB /* Performance.swift in Sources */ = {isa = PBXBuildFile; fileRef = E65CEB2629E926AE0025C2FB /* Performance.swift */; };
		E65CEB2A29E927EA0025C2FB /* TeacherFabric.swift in Sources */ = {isa = PBXBuildFile; fileRef = E65CEB2929E927EA0025C2FB /* TeacherFabric.swift */; };
		E65CEB2C29E928900025C2FB /* DisciplineFabric.swift in Sources */ = {isa = PBXBuildFile; fileRef = E65CEB2B29E928900025C2FB /* DisciplineFabric.swift */; };
		E65CEB2E29E98A910025C2FB /* GroupFabric.swift in Sources */ = {isa = PBXBuildFile; fileRef = E65CEB2D29E98A910025C2FB /* GroupFabric.swift */; };
		E65CEB3029E98B5F0025C2FB /* StudentFabric.swift in Sources */ = {isa = PBXBuildFile; fileRef = E65CEB2F29E98B5F0025C2FB /* StudentFabric.swift */; };
		E65CEB3229E98F700025C2FB /* AcademicPerformanceFabric.swift in Sources */ = {isa = PBXBuildFile; fileRef = E65CEB3129E98F700025C2FB /* AcademicPerformanceFabric.swift */; };
		E6B08A2D29E11D0C003D7697 /* PolytechLogo.swift in Sources */ = {isa = PBXBuildFile; fileRef = E6B08A2C29E11D0C003D7697 /* PolytechLogo.swift */; };
		E6B08A3329E120A3003D7697 /* MyTextField.swift in Sources */ = {isa = PBXBuildFile; fileRef = E6B08A3229E120A3003D7697 /* MyTextField.swift */; };
		E6B08A3729E128D1003D7697 /* SignInButton.swift in Sources */ = {isa = PBXBuildFile; fileRef = E6B08A3629E128D1003D7697 /* SignInButton.swift */; };
		E6B1D4C829E0246400A1858A /* KillTheDebtorApp.swift in Sources */ = {isa = PBXBuildFile; fileRef = E6B1D4C729E0246400A1858A /* KillTheDebtorApp.swift */; };
		E6B1D4CA29E0246400A1858A /* SignInView.swift in Sources */ = {isa = PBXBuildFile; fileRef = E6B1D4C929E0246400A1858A /* SignInView.swift */; };
		E6B1D4CC29E0246500A1858A /* Assets.xcassets in Resources */ = {isa = PBXBuildFile; fileRef = E6B1D4CB29E0246500A1858A /* Assets.xcassets */; };
		E6B1D4D029E0246500A1858A /* Preview Assets.xcassets in Resources */ = {isa = PBXBuildFile; fileRef = E6B1D4CF29E0246500A1858A /* Preview Assets.xcassets */; };
		E6DC9EC129E31E7E00C9B9F3 /* DisciplineListView.swift in Sources */ = {isa = PBXBuildFile; fileRef = E6DC9EC029E31E7E00C9B9F3 /* DisciplineListView.swift */; };
/* End PBXBuildFile section */

/* Begin PBXFileReference section */
		E65CEB1329E90B3E0025C2FB /* ImageView.swift */ = {isa = PBXFileReference; lastKnownFileType = sourcecode.swift; path = ImageView.swift; sourceTree = "<group>"; };
		E65CEB1529E90B6B0025C2FB /* DisciplineView.swift */ = {isa = PBXFileReference; lastKnownFileType = sourcecode.swift; path = DisciplineView.swift; sourceTree = "<group>"; };
		E65CEB1829E90D4D0025C2FB /* Teacher.swift */ = {isa = PBXFileReference; lastKnownFileType = sourcecode.swift; path = Teacher.swift; sourceTree = "<group>"; };
		E65CEB1A29E90EEE0025C2FB /* Discipline.swift */ = {isa = PBXFileReference; lastKnownFileType = sourcecode.swift; path = Discipline.swift; sourceTree = "<group>"; };
		E65CEB1C29E90FC20025C2FB /* Group.swift */ = {isa = PBXFileReference; lastKnownFileType = sourcecode.swift; path = Group.swift; sourceTree = "<group>"; };
		E65CEB1E29E924840025C2FB /* Student.swift */ = {isa = PBXFileReference; lastKnownFileType = sourcecode.swift; path = Student.swift; sourceTree = "<group>"; };
		E65CEB2029E925910025C2FB /* AcademicPerformance.swift */ = {isa = PBXFileReference; lastKnownFileType = sourcecode.swift; path = AcademicPerformance.swift; sourceTree = "<group>"; };
		E65CEB2229E925B30025C2FB /* Measure.swift */ = {isa = PBXFileReference; lastKnownFileType = sourcecode.swift; path = Measure.swift; sourceTree = "<group>"; };
		E65CEB2429E926000025C2FB /* Debt.swift */ = {isa = PBXFileReference; lastKnownFileType = sourcecode.swift; path = Debt.swift; sourceTree = "<group>"; };
		E65CEB2629E926AE0025C2FB /* Performance.swift */ = {isa = PBXFileReference; lastKnownFileType = sourcecode.swift; path = Performance.swift; sourceTree = "<group>"; };
		E65CEB2929E927EA0025C2FB /* TeacherFabric.swift */ = {isa = PBXFileReference; lastKnownFileType = sourcecode.swift; path = TeacherFabric.swift; sourceTree = "<group>"; };
		E65CEB2B29E928900025C2FB /* DisciplineFabric.swift */ = {isa = PBXFileReference; lastKnownFileType = sourcecode.swift; path = DisciplineFabric.swift; sourceTree = "<group>"; };
		E65CEB2D29E98A910025C2FB /* GroupFabric.swift */ = {isa = PBXFileReference; lastKnownFileType = sourcecode.swift; path = GroupFabric.swift; sourceTree = "<group>"; };
		E65CEB2F29E98B5F0025C2FB /* StudentFabric.swift */ = {isa = PBXFileReference; lastKnownFileType = sourcecode.swift; path = StudentFabric.swift; sourceTree = "<group>"; };
		E65CEB3129E98F700025C2FB /* AcademicPerformanceFabric.swift */ = {isa = PBXFileReference; lastKnownFileType = sourcecode.swift; path = AcademicPerformanceFabric.swift; sourceTree = "<group>"; };
		E6B08A2C29E11D0C003D7697 /* PolytechLogo.swift */ = {isa = PBXFileReference; lastKnownFileType = sourcecode.swift; path = PolytechLogo.swift; sourceTree = "<group>"; };
		E6B08A3229E120A3003D7697 /* MyTextField.swift */ = {isa = PBXFileReference; lastKnownFileType = sourcecode.swift; path = MyTextField.swift; sourceTree = "<group>"; };
		E6B08A3629E128D1003D7697 /* SignInButton.swift */ = {isa = PBXFileReference; lastKnownFileType = sourcecode.swift; path = SignInButton.swift; sourceTree = "<group>"; };
		E6B1D4C429E0246400A1858A /* KillTheDebtor.app */ = {isa = PBXFileReference; explicitFileType = wrapper.application; includeInIndex = 0; path = KillTheDebtor.app; sourceTree = BUILT_PRODUCTS_DIR; };
		E6B1D4C729E0246400A1858A /* KillTheDebtorApp.swift */ = {isa = PBXFileReference; lastKnownFileType = sourcecode.swift; path = KillTheDebtorApp.swift; sourceTree = "<group>"; };
		E6B1D4C929E0246400A1858A /* SignInView.swift */ = {isa = PBXFileReference; lastKnownFileType = sourcecode.swift; path = SignInView.swift; sourceTree = "<group>"; };
		E6B1D4CB29E0246500A1858A /* Assets.xcassets */ = {isa = PBXFileReference; lastKnownFileType = folder.assetcatalog; path = Assets.xcassets; sourceTree = "<group>"; };
		E6B1D4CD29E0246500A1858A /* KillTheDebtor.entitlements */ = {isa = PBXFileReference; lastKnownFileType = text.plist.entitlements; path = KillTheDebtor.entitlements; sourceTree = "<group>"; };
		E6B1D4CF29E0246500A1858A /* Preview Assets.xcassets */ = {isa = PBXFileReference; lastKnownFileType = folder.assetcatalog; path = "Preview Assets.xcassets"; sourceTree = "<group>"; };
		E6DC9EC029E31E7E00C9B9F3 /* DisciplineListView.swift */ = {isa = PBXFileReference; lastKnownFileType = sourcecode.swift; path = DisciplineListView.swift; sourceTree = "<group>"; };
/* End PBXFileReference section */

/* Begin PBXFrameworksBuildPhase section */
		E6B1D4C129E0246400A1858A /* Frameworks */ = {
			isa = PBXFrameworksBuildPhase;
			buildActionMask = 2147483647;
			files = (
			);
			runOnlyForDeploymentPostprocessing = 0;
		};
/* End PBXFrameworksBuildPhase section */

/* Begin PBXGroup section */
		E65CEB1229E909160025C2FB /* Components */ = {
			isa = PBXGroup;
			children = (
				E65CEB1329E90B3E0025C2FB /* ImageView.swift */,
				E65CEB1529E90B6B0025C2FB /* DisciplineView.swift */,
			);
			path = Components;
			sourceTree = "<group>";
		};
		E65CEB1729E90D3D0025C2FB /* Model */ = {
			isa = PBXGroup;
			children = (
				E65CEB1829E90D4D0025C2FB /* Teacher.swift */,
				E65CEB1A29E90EEE0025C2FB /* Discipline.swift */,
				E65CEB1C29E90FC20025C2FB /* Group.swift */,
				E65CEB1E29E924840025C2FB /* Student.swift */,
				E65CEB2029E925910025C2FB /* AcademicPerformance.swift */,
				E65CEB2229E925B30025C2FB /* Measure.swift */,
				E65CEB2429E926000025C2FB /* Debt.swift */,
				E65CEB2629E926AE0025C2FB /* Performance.swift */,
			);
			path = Model;
			sourceTree = "<group>";
		};
		E65CEB2829E927850025C2FB /* Fabric */ = {
			isa = PBXGroup;
			children = (
				E65CEB2929E927EA0025C2FB /* TeacherFabric.swift */,
				E65CEB2B29E928900025C2FB /* DisciplineFabric.swift */,
				E65CEB2D29E98A910025C2FB /* GroupFabric.swift */,
				E65CEB2F29E98B5F0025C2FB /* StudentFabric.swift */,
				E65CEB3129E98F700025C2FB /* AcademicPerformanceFabric.swift */,
			);
			path = Fabric;
			sourceTree = "<group>";
		};
		E6B08A3029E11E7F003D7697 /* SignInView */ = {
			isa = PBXGroup;
			children = (
				E6B1D4D629E025F000A1858A /* Components */,
				E6B1D4C929E0246400A1858A /* SignInView.swift */,
			);
			path = SignInView;
			sourceTree = "<group>";
		};
		E6B1D4BB29E0246400A1858A = {
			isa = PBXGroup;
			children = (
				E6B1D4C629E0246400A1858A /* KillTheDebtor */,
				E6B1D4C529E0246400A1858A /* Products */,
			);
			sourceTree = "<group>";
		};
		E6B1D4C529E0246400A1858A /* Products */ = {
			isa = PBXGroup;
			children = (
				E6B1D4C429E0246400A1858A /* KillTheDebtor.app */,
			);
			name = Products;
			sourceTree = "<group>";
		};
		E6B1D4C629E0246400A1858A /* KillTheDebtor */ = {
			isa = PBXGroup;
			children = (
				E65CEB2829E927850025C2FB /* Fabric */,
				E65CEB1729E90D3D0025C2FB /* Model */,
				E6DC9EBE29E31E3500C9B9F3 /* DisciplineListView */,
				E6B08A3029E11E7F003D7697 /* SignInView */,
				E6B1D4C729E0246400A1858A /* KillTheDebtorApp.swift */,
				E6B1D4CB29E0246500A1858A /* Assets.xcassets */,
				E6B1D4CD29E0246500A1858A /* KillTheDebtor.entitlements */,
				E6B1D4CE29E0246500A1858A /* Preview Content */,
			);
			path = KillTheDebtor;
			sourceTree = "<group>";
		};
		E6B1D4CE29E0246500A1858A /* Preview Content */ = {
			isa = PBXGroup;
			children = (
				E6B1D4CF29E0246500A1858A /* Preview Assets.xcassets */,
			);
			path = "Preview Content";
			sourceTree = "<group>";
		};
		E6B1D4D629E025F000A1858A /* Components */ = {
			isa = PBXGroup;
			children = (
				E6B08A2C29E11D0C003D7697 /* PolytechLogo.swift */,
				E6B08A3229E120A3003D7697 /* MyTextField.swift */,
				E6B08A3629E128D1003D7697 /* SignInButton.swift */,
			);
			path = Components;
			sourceTree = "<group>";
		};
		E6DC9EBE29E31E3500C9B9F3 /* DisciplineListView */ = {
			isa = PBXGroup;
			children = (
				E65CEB1229E909160025C2FB /* Components */,
				E6DC9EC029E31E7E00C9B9F3 /* DisciplineListView.swift */,
			);
			path = DisciplineListView;
			sourceTree = "<group>";
		};
/* End PBXGroup section */

/* Begin PBXNativeTarget section */
		E6B1D4C329E0246400A1858A /* KillTheDebtor */ = {
			isa = PBXNativeTarget;
			buildConfigurationList = E6B1D4D329E0246500A1858A /* Build configuration list for PBXNativeTarget "KillTheDebtor" */;
			buildPhases = (
				E6B1D4C029E0246400A1858A /* Sources */,
				E6B1D4C129E0246400A1858A /* Frameworks */,
				E6B1D4C229E0246400A1858A /* Resources */,
			);
			buildRules = (
			);
			dependencies = (
			);
			name = KillTheDebtor;
			productName = KillTheDebtor;
			productReference = E6B1D4C429E0246400A1858A /* KillTheDebtor.app */;
			productType = "com.apple.product-type.application";
		};
/* End PBXNativeTarget section */

/* Begin PBXProject section */
		E6B1D4BC29E0246400A1858A /* Project object */ = {
			isa = PBXProject;
			attributes = {
				BuildIndependentTargetsInParallel = 1;
				LastSwiftUpdateCheck = 1420;
				LastUpgradeCheck = 1420;
				TargetAttributes = {
					E6B1D4C329E0246400A1858A = {
						CreatedOnToolsVersion = 14.2;
					};
				};
			};
			buildConfigurationList = E6B1D4BF29E0246400A1858A /* Build configuration list for PBXProject "KillTheDebtor" */;
			compatibilityVersion = "Xcode 14.0";
			developmentRegion = en;
			hasScannedForEncodings = 0;
			knownRegions = (
				en,
				Base,
			);
			mainGroup = E6B1D4BB29E0246400A1858A;
			productRefGroup = E6B1D4C529E0246400A1858A /* Products */;
			projectDirPath = "";
			projectRoot = "";
			targets = (
				E6B1D4C329E0246400A1858A /* KillTheDebtor */,
			);
		};
/* End PBXProject section */

/* Begin PBXResourcesBuildPhase section */
		E6B1D4C229E0246400A1858A /* Resources */ = {
			isa = PBXResourcesBuildPhase;
			buildActionMask = 2147483647;
			files = (
				E6B1D4D029E0246500A1858A /* Preview Assets.xcassets in Resources */,
				E6B1D4CC29E0246500A1858A /* Assets.xcassets in Resources */,
			);
			runOnlyForDeploymentPostprocessing = 0;
		};
/* End PBXResourcesBuildPhase section */

/* Begin PBXSourcesBuildPhase section */
		E6B1D4C029E0246400A1858A /* Sources */ = {
			isa = PBXSourcesBuildPhase;
			buildActionMask = 2147483647;
			files = (
				E65CEB2329E925B30025C2FB /* Measure.swift in Sources */,
				E65CEB1D29E90FC20025C2FB /* Group.swift in Sources */,
				E65CEB3229E98F700025C2FB /* AcademicPerformanceFabric.swift in Sources */,
				E6B08A3329E120A3003D7697 /* MyTextField.swift in Sources */,
				E65CEB2A29E927EA0025C2FB /* TeacherFabric.swift in Sources */,
				E6B1D4CA29E0246400A1858A /* SignInView.swift in Sources */,
				E6B08A2D29E11D0C003D7697 /* PolytechLogo.swift in Sources */,
				E6DC9EC129E31E7E00C9B9F3 /* DisciplineListView.swift in Sources */,
				E6B1D4C829E0246400A1858A /* KillTheDebtorApp.swift in Sources */,
				E65CEB1B29E90EEE0025C2FB /* Discipline.swift in Sources */,
				E65CEB1F29E924840025C2FB /* Student.swift in Sources */,
				E65CEB1429E90B3E0025C2FB /* ImageView.swift in Sources */,
				E65CEB2129E925910025C2FB /* AcademicPerformance.swift in Sources */,
				E65CEB3029E98B5F0025C2FB /* StudentFabric.swift in Sources */,
				E65CEB1929E90D4D0025C2FB /* Teacher.swift in Sources */,
				E65CEB2529E926000025C2FB /* Debt.swift in Sources */,
				E65CEB2C29E928900025C2FB /* DisciplineFabric.swift in Sources */,
				E65CEB2E29E98A910025C2FB /* GroupFabric.swift in Sources */,
				E65CEB1629E90B6B0025C2FB /* DisciplineView.swift in Sources */,
				E65CEB2729E926AE0025C2FB /* Performance.swift in Sources */,
				E6B08A3729E128D1003D7697 /* SignInButton.swift in Sources */,
			);
			runOnlyForDeploymentPostprocessing = 0;
		};
/* End PBXSourcesBuildPhase section */

/* Begin XCBuildConfiguration section */
		E6B1D4D129E0246500A1858A /* Debug */ = {
			isa = XCBuildConfiguration;
			buildSettings = {
				ALWAYS_SEARCH_USER_PATHS = NO;
				CLANG_ANALYZER_NONNULL = YES;
				CLANG_ANALYZER_NUMBER_OBJECT_CONVERSION = YES_AGGRESSIVE;
				CLANG_CXX_LANGUAGE_STANDARD = "gnu++20";
				CLANG_ENABLE_MODULES = YES;
				CLANG_ENABLE_OBJC_ARC = YES;
				CLANG_ENABLE_OBJC_WEAK = YES;
				CLANG_WARN_BLOCK_CAPTURE_AUTORELEASING = YES;
				CLANG_WARN_BOOL_CONVERSION = YES;
				CLANG_WARN_COMMA = YES;
				CLANG_WARN_CONSTANT_CONVERSION = YES;
				CLANG_WARN_DEPRECATED_OBJC_IMPLEMENTATIONS = YES;
				CLANG_WARN_DIRECT_OBJC_ISA_USAGE = YES_ERROR;
				CLANG_WARN_DOCUMENTATION_COMMENTS = YES;
				CLANG_WARN_EMPTY_BODY = YES;
				CLANG_WARN_ENUM_CONVERSION = YES;
				CLANG_WARN_INFINITE_RECURSION = YES;
				CLANG_WARN_INT_CONVERSION = YES;
				CLANG_WARN_NON_LITERAL_NULL_CONVERSION = YES;
				CLANG_WARN_OBJC_IMPLICIT_RETAIN_SELF = YES;
				CLANG_WARN_OBJC_LITERAL_CONVERSION = YES;
				CLANG_WARN_OBJC_ROOT_CLASS = YES_ERROR;
				CLANG_WARN_QUOTED_INCLUDE_IN_FRAMEWORK_HEADER = YES;
				CLANG_WARN_RANGE_LOOP_ANALYSIS = YES;
				CLANG_WARN_STRICT_PROTOTYPES = YES;
				CLANG_WARN_SUSPICIOUS_MOVE = YES;
				CLANG_WARN_UNGUARDED_AVAILABILITY = YES_AGGRESSIVE;
				CLANG_WARN_UNREACHABLE_CODE = YES;
				CLANG_WARN__DUPLICATE_METHOD_MATCH = YES;
				COPY_PHASE_STRIP = NO;
				DEBUG_INFORMATION_FORMAT = dwarf;
				ENABLE_STRICT_OBJC_MSGSEND = YES;
				ENABLE_TESTABILITY = YES;
				GCC_C_LANGUAGE_STANDARD = gnu11;
				GCC_DYNAMIC_NO_PIC = NO;
				GCC_NO_COMMON_BLOCKS = YES;
				GCC_OPTIMIZATION_LEVEL = 0;
				GCC_PREPROCESSOR_DEFINITIONS = (
					"DEBUG=1",
					"$(inherited)",
				);
				GCC_WARN_64_TO_32_BIT_CONVERSION = YES;
				GCC_WARN_ABOUT_RETURN_TYPE = YES_ERROR;
				GCC_WARN_UNDECLARED_SELECTOR = YES;
				GCC_WARN_UNINITIALIZED_AUTOS = YES_AGGRESSIVE;
				GCC_WARN_UNUSED_FUNCTION = YES;
				GCC_WARN_UNUSED_VARIABLE = YES;
				MTL_ENABLE_DEBUG_INFO = INCLUDE_SOURCE;
				MTL_FAST_MATH = YES;
				ONLY_ACTIVE_ARCH = YES;
				SWIFT_ACTIVE_COMPILATION_CONDITIONS = DEBUG;
				SWIFT_OPTIMIZATION_LEVEL = "-Onone";
			};
			name = Debug;
		};
		E6B1D4D229E0246500A1858A /* Release */ = {
			isa = XCBuildConfiguration;
			buildSettings = {
				ALWAYS_SEARCH_USER_PATHS = NO;
				CLANG_ANALYZER_NONNULL = YES;
				CLANG_ANALYZER_NUMBER_OBJECT_CONVERSION = YES_AGGRESSIVE;
				CLANG_CXX_LANGUAGE_STANDARD = "gnu++20";
				CLANG_ENABLE_MODULES = YES;
				CLANG_ENABLE_OBJC_ARC = YES;
				CLANG_ENABLE_OBJC_WEAK = YES;
				CLANG_WARN_BLOCK_CAPTURE_AUTORELEASING = YES;
				CLANG_WARN_BOOL_CONVERSION = YES;
				CLANG_WARN_COMMA = YES;
				CLANG_WARN_CONSTANT_CONVERSION = YES;
				CLANG_WARN_DEPRECATED_OBJC_IMPLEMENTATIONS = YES;
				CLANG_WARN_DIRECT_OBJC_ISA_USAGE = YES_ERROR;
				CLANG_WARN_DOCUMENTATION_COMMENTS = YES;
				CLANG_WARN_EMPTY_BODY = YES;
				CLANG_WARN_ENUM_CONVERSION = YES;
				CLANG_WARN_INFINITE_RECURSION = YES;
				CLANG_WARN_INT_CONVERSION = YES;
				CLANG_WARN_NON_LITERAL_NULL_CONVERSION = YES;
				CLANG_WARN_OBJC_IMPLICIT_RETAIN_SELF = YES;
				CLANG_WARN_OBJC_LITERAL_CONVERSION = YES;
				CLANG_WARN_OBJC_ROOT_CLASS = YES_ERROR;
				CLANG_WARN_QUOTED_INCLUDE_IN_FRAMEWORK_HEADER = YES;
				CLANG_WARN_RANGE_LOOP_ANALYSIS = YES;
				CLANG_WARN_STRICT_PROTOTYPES = YES;
				CLANG_WARN_SUSPICIOUS_MOVE = YES;
				CLANG_WARN_UNGUARDED_AVAILABILITY = YES_AGGRESSIVE;
				CLANG_WARN_UNREACHABLE_CODE = YES;
				CLANG_WARN__DUPLICATE_METHOD_MATCH = YES;
				COPY_PHASE_STRIP = NO;
				DEBUG_INFORMATION_FORMAT = "dwarf-with-dsym";
				ENABLE_NS_ASSERTIONS = NO;
				ENABLE_STRICT_OBJC_MSGSEND = YES;
				GCC_C_LANGUAGE_STANDARD = gnu11;
				GCC_NO_COMMON_BLOCKS = YES;
				GCC_WARN_64_TO_32_BIT_CONVERSION = YES;
				GCC_WARN_ABOUT_RETURN_TYPE = YES_ERROR;
				GCC_WARN_UNDECLARED_SELECTOR = YES;
				GCC_WARN_UNINITIALIZED_AUTOS = YES_AGGRESSIVE;
				GCC_WARN_UNUSED_FUNCTION = YES;
				GCC_WARN_UNUSED_VARIABLE = YES;
				MTL_ENABLE_DEBUG_INFO = NO;
				MTL_FAST_MATH = YES;
				SWIFT_COMPILATION_MODE = wholemodule;
				SWIFT_OPTIMIZATION_LEVEL = "-O";
			};
			name = Release;
		};
		E6B1D4D429E0246500A1858A /* Debug */ = {
			isa = XCBuildConfiguration;
			buildSettings = {
				ASSETCATALOG_COMPILER_APPICON_NAME = AppIcon;
				ASSETCATALOG_COMPILER_GLOBAL_ACCENT_COLOR_NAME = AccentColor;
				CODE_SIGN_ENTITLEMENTS = KillTheDebtor/KillTheDebtor.entitlements;
				CODE_SIGN_STYLE = Automatic;
				CURRENT_PROJECT_VERSION = 1;
				DEVELOPMENT_ASSET_PATHS = "\"KillTheDebtor/Preview Content\"";
				DEVELOPMENT_TEAM = 53S4PPJ97L;
				ENABLE_HARDENED_RUNTIME = YES;
				ENABLE_PREVIEWS = YES;
				GENERATE_INFOPLIST_FILE = YES;
				"INFOPLIST_KEY_UIApplicationSceneManifest_Generation[sdk=iphoneos*]" = YES;
				"INFOPLIST_KEY_UIApplicationSceneManifest_Generation[sdk=iphonesimulator*]" = YES;
				"INFOPLIST_KEY_UIApplicationSupportsIndirectInputEvents[sdk=iphoneos*]" = YES;
				"INFOPLIST_KEY_UIApplicationSupportsIndirectInputEvents[sdk=iphonesimulator*]" = YES;
				"INFOPLIST_KEY_UILaunchScreen_Generation[sdk=iphoneos*]" = YES;
				"INFOPLIST_KEY_UILaunchScreen_Generation[sdk=iphonesimulator*]" = YES;
				"INFOPLIST_KEY_UIStatusBarStyle[sdk=iphoneos*]" = UIStatusBarStyleDefault;
				"INFOPLIST_KEY_UIStatusBarStyle[sdk=iphonesimulator*]" = UIStatusBarStyleDefault;
				INFOPLIST_KEY_UISupportedInterfaceOrientations_iPad = "UIInterfaceOrientationPortrait UIInterfaceOrientationPortraitUpsideDown UIInterfaceOrientationLandscapeLeft UIInterfaceOrientationLandscapeRight";
				INFOPLIST_KEY_UISupportedInterfaceOrientations_iPhone = "UIInterfaceOrientationPortrait UIInterfaceOrientationLandscapeLeft UIInterfaceOrientationLandscapeRight";
				IPHONEOS_DEPLOYMENT_TARGET = 16.2;
				LD_RUNPATH_SEARCH_PATHS = "@executable_path/Frameworks";
				"LD_RUNPATH_SEARCH_PATHS[sdk=macosx*]" = "@executable_path/../Frameworks";
				MACOSX_DEPLOYMENT_TARGET = 13.1;
				MARKETING_VERSION = 1.0;
				PRODUCT_BUNDLE_IDENTIFIER = malinatrash.KillTheDebtor;
				PRODUCT_NAME = "$(TARGET_NAME)";
				SDKROOT = auto;
				SUPPORTED_PLATFORMS = "iphoneos iphonesimulator macosx";
				SWIFT_EMIT_LOC_STRINGS = YES;
				SWIFT_VERSION = 5.0;
				TARGETED_DEVICE_FAMILY = "1,2";
			};
			name = Debug;
		};
		E6B1D4D529E0246500A1858A /* Release */ = {
			isa = XCBuildConfiguration;
			buildSettings = {
				ASSETCATALOG_COMPILER_APPICON_NAME = AppIcon;
				ASSETCATALOG_COMPILER_GLOBAL_ACCENT_COLOR_NAME = AccentColor;
				CODE_SIGN_ENTITLEMENTS = KillTheDebtor/KillTheDebtor.entitlements;
				CODE_SIGN_STYLE = Automatic;
				CURRENT_PROJECT_VERSION = 1;
				DEVELOPMENT_ASSET_PATHS = "\"KillTheDebtor/Preview Content\"";
				DEVELOPMENT_TEAM = 53S4PPJ97L;
				ENABLE_HARDENED_RUNTIME = YES;
				ENABLE_PREVIEWS = YES;
				GENERATE_INFOPLIST_FILE = YES;
				"INFOPLIST_KEY_UIApplicationSceneManifest_Generation[sdk=iphoneos*]" = YES;
				"INFOPLIST_KEY_UIApplicationSceneManifest_Generation[sdk=iphonesimulator*]" = YES;
				"INFOPLIST_KEY_UIApplicationSupportsIndirectInputEvents[sdk=iphoneos*]" = YES;
				"INFOPLIST_KEY_UIApplicationSupportsIndirectInputEvents[sdk=iphonesimulator*]" = YES;
				"INFOPLIST_KEY_UILaunchScreen_Generation[sdk=iphoneos*]" = YES;
				"INFOPLIST_KEY_UILaunchScreen_Generation[sdk=iphonesimulator*]" = YES;
				"INFOPLIST_KEY_UIStatusBarStyle[sdk=iphoneos*]" = UIStatusBarStyleDefault;
				"INFOPLIST_KEY_UIStatusBarStyle[sdk=iphonesimulator*]" = UIStatusBarStyleDefault;
				INFOPLIST_KEY_UISupportedInterfaceOrientations_iPad = "UIInterfaceOrientationPortrait UIInterfaceOrientationPortraitUpsideDown UIInterfaceOrientationLandscapeLeft UIInterfaceOrientationLandscapeRight";
				INFOPLIST_KEY_UISupportedInterfaceOrientations_iPhone = "UIInterfaceOrientationPortrait UIInterfaceOrientationLandscapeLeft UIInterfaceOrientationLandscapeRight";
				IPHONEOS_DEPLOYMENT_TARGET = 16.2;
				LD_RUNPATH_SEARCH_PATHS = "@executable_path/Frameworks";
				"LD_RUNPATH_SEARCH_PATHS[sdk=macosx*]" = "@executable_path/../Frameworks";
				MACOSX_DEPLOYMENT_TARGET = 13.1;
				MARKETING_VERSION = 1.0;
				PRODUCT_BUNDLE_IDENTIFIER = malinatrash.KillTheDebtor;
				PRODUCT_NAME = "$(TARGET_NAME)";
				SDKROOT = auto;
				SUPPORTED_PLATFORMS = "iphoneos iphonesimulator macosx";
				SWIFT_EMIT_LOC_STRINGS = YES;
				SWIFT_VERSION = 5.0;
				TARGETED_DEVICE_FAMILY = "1,2";
			};
			name = Release;
		};
/* End XCBuildConfiguration section */

/* Begin XCConfigurationList section */
		E6B1D4BF29E0246400A1858A /* Build configuration list for PBXProject "KillTheDebtor" */ = {
			isa = XCConfigurationList;
			buildConfigurations = (
				E6B1D4D129E0246500A1858A /* Debug */,
				E6B1D4D229E0246500A1858A /* Release */,
			);
			defaultConfigurationIsVisible = 0;
			defaultConfigurationName = Release;
		};
		E6B1D4D329E0246500A1858A /* Build configuration list for PBXNativeTarget "KillTheDebtor" */ = {
			isa = XCConfigurationList;
			buildConfigurations = (
				E6B1D4D429E0246500A1858A /* Debug */,
				E6B1D4D529E0246500A1858A /* Release */,
			);
			defaultConfigurationIsVisible = 0;
			defaultConfigurationName = Release;
		};
/* End XCConfigurationList section */
	};
	rootObject = E6B1D4BC29E0246400A1858A /* Project object */;
}
